
Microsoft Visual Studio Solution File, Format Version 12.00
# Visual Studio Version 17
VisualStudioVersion = 17.14.36623.8 d17.14
MinimumVisualStudioVersion = 10.0.40219.1
Project("{FAE04EC0-301F-11D3-BF4B-00C04F79EFBC}") = "frmwpsoffice", "frmwpsoffice.csproj", "{EAEA5DA8-687E-44DE-BF38-60CE35C4EA82}"
EndProject
Global
	GlobalSection(SolutionConfigurationPlatforms) = preSolution
		Debug|Any CPU = Debug|Any CPU
		Release|Any CPU = Release|Any CPU
	EndGlobalSection
	GlobalSection(ProjectConfigurationPlatforms) = postSolution
		{EAEA5DA8-687E-44DE-BF38-60CE35C4EA82}.Debug|Any CPU.ActiveCfg = Debug|Any CPU
		{EAEA5DA8-687E-44DE-BF38-60CE35C4EA82}.Debug|Any CPU.Build.0 = Debug|Any CPU
		{EAEA5DA8-687E-44DE-BF38-60CE35C4EA82}.Release|Any CPU.ActiveCfg = Release|Any CPU
		{EAEA5DA8-687E-44DE-BF38-60CE35C4EA82}.Release|Any CPU.Build.0 = Release|Any CPU
	EndGlobalSection
	GlobalSection(SolutionProperties) = preSolution
		HideSolutionNode = FALSE
	EndGlobalSection
	GlobalSection(ExtensibilityGlobals) = postSolution
		SolutionGuid = {E745D396-53E2-4E84-B354-070F45070F6B}
	EndGlobalSection
EndGlobal
